
Microsoft Visual Studio Solution File, Format Version 12.00
# Visual Studio Version 17
VisualStudioVersion = 17.13.35931.197 d17.13
MinimumVisualStudioVersion = 10.0.40219.1
Project("{FAE04EC0-301F-11D3-BF4B-00C04F79EFBC}") = "ATBASH_cipher", "ATBASH_cipher.csproj", "{B04D4FD3-D781-4D77-A535-4C42B86F2E7B}"
EndProject
Global
	GlobalSection(SolutionConfigurationPlatforms) = preSolution
		Debug|Any CPU = Debug|Any CPU
		Release|Any CPU = Release|Any CPU
	EndGlobalSection
	GlobalSection(ProjectConfigurationPlatforms) = postSolution
		{B04D4FD3-D781-4D77-A535-4C42B86F2E7B}.Debug|Any CPU.ActiveCfg = Debug|Any CPU
		{B04D4FD3-D781-4D77-A535-4C42B86F2E7B}.Debug|Any CPU.Build.0 = Debug|Any CPU
		{B04D4FD3-D781-4D77-A535-4C42B86F2E7B}.Release|Any CPU.ActiveCfg = Release|Any CPU
		{B04D4FD3-D781-4D77-A535-4C42B86F2E7B}.Release|Any CPU.Build.0 = Release|Any CPU
	EndGlobalSection
	GlobalSection(SolutionProperties) = preSolution
		HideSolutionNode = FALSE
	EndGlobalSection
	GlobalSection(ExtensibilityGlobals) = postSolution
		SolutionGuid = {5F9FA94A-8796-470D-AF0B-2937E09AEF15}
	EndGlobalSection
EndGlobal
